
Microsoft Visual Studio Solution File, Format Version 12.00
# Visual Studio Version 17
VisualStudioVersion = 17.10.34916.146
MinimumVisualStudioVersion = 10.0.40219.1
Project("{FAE04EC0-301F-11D3-BF4B-00C04F79EFBC}") = "wepapimap1", "wepapimap1\wepapimap1.csproj", "{D02FCAA5-0A08-4901-B05C-DD9F9A60E4D8}"
EndProject
Global
	GlobalSection(SolutionConfigurationPlatforms) = preSolution
		Debug|Any CPU = Debug|Any CPU
		Release|Any CPU = Release|Any CPU
	EndGlobalSection
	GlobalSection(ProjectConfigurationPlatforms) = postSolution
		{D02FCAA5-0A08-4901-B05C-DD9F9A60E4D8}.Debug|Any CPU.ActiveCfg = Debug|Any CPU
		{D02FCAA5-0A08-4901-B05C-DD9F9A60E4D8}.Debug|Any CPU.Build.0 = Debug|Any CPU
		{D02FCAA5-0A08-4901-B05C-DD9F9A60E4D8}.Release|Any CPU.ActiveCfg = Release|Any CPU
		{D02FCAA5-0A08-4901-B05C-DD9F9A60E4D8}.Release|Any CPU.Build.0 = Release|Any CPU
	EndGlobalSection
	GlobalSection(SolutionProperties) = preSolution
		HideSolutionNode = FALSE
	EndGlobalSection
	GlobalSection(ExtensibilityGlobals) = postSolution
		SolutionGuid = {DEFDAC17-2490-4FF2-9A1E-3964B25D39F0}
	EndGlobalSection
EndGlobal
